
Microsoft Visual Studio Solution File, Format Version 12.00
# Visual Studio Version 17
VisualStudioVersion = 17.14.36518.9 d17.14
MinimumVisualStudioVersion = 10.0.40219.1
Project("{FAE04EC0-301F-11D3-BF4B-00C04F79EFBC}") = "Ejemplo1", "Ejemplo1\Ejemplo1.csproj", "{D6923E5B-3466-4D13-B458-9ADA4E6D3488}"
EndProject
Global
	GlobalSection(SolutionConfigurationPlatforms) = preSolution
		Debug|Any CPU = Debug|Any CPU
		Release|Any CPU = Release|Any CPU
	EndGlobalSection
	GlobalSection(ProjectConfigurationPlatforms) = postSolution
		{D6923E5B-3466-4D13-B458-9ADA4E6D3488}.Debug|Any CPU.ActiveCfg = Debug|Any CPU
		{D6923E5B-3466-4D13-B458-9ADA4E6D3488}.Debug|Any CPU.Build.0 = Debug|Any CPU
		{D6923E5B-3466-4D13-B458-9ADA4E6D3488}.Release|Any CPU.ActiveCfg = Release|Any CPU
		{D6923E5B-3466-4D13-B458-9ADA4E6D3488}.Release|Any CPU.Build.0 = Release|Any CPU
	EndGlobalSection
	GlobalSection(SolutionProperties) = preSolution
		HideSolutionNode = FALSE
	EndGlobalSection
	GlobalSection(ExtensibilityGlobals) = postSolution
		SolutionGuid = {3ECA9386-A1A2-4FAB-BE6A-347E7A436BEF}
	EndGlobalSection
EndGlobal
