
Microsoft Visual Studio Solution File, Format Version 12.00
# Visual Studio Version 17
VisualStudioVersion = 17.14.36518.9 d17.14
MinimumVisualStudioVersion = 10.0.40219.1
Project("{FAE04EC0-301F-11D3-BF4B-00C04F79EFBC}") = "Ejemplo1Tema2", "Ejemplo1Tema2\Ejemplo1Tema2.csproj", "{BA4EA3D6-B3EE-4643-9F49-918D44968CF3}"
EndProject
Global
	GlobalSection(SolutionConfigurationPlatforms) = preSolution
		Debug|Any CPU = Debug|Any CPU
		Release|Any CPU = Release|Any CPU
	EndGlobalSection
	GlobalSection(ProjectConfigurationPlatforms) = postSolution
		{BA4EA3D6-B3EE-4643-9F49-918D44968CF3}.Debug|Any CPU.ActiveCfg = Debug|Any CPU
		{BA4EA3D6-B3EE-4643-9F49-918D44968CF3}.Debug|Any CPU.Build.0 = Debug|Any CPU
		{BA4EA3D6-B3EE-4643-9F49-918D44968CF3}.Release|Any CPU.ActiveCfg = Release|Any CPU
		{BA4EA3D6-B3EE-4643-9F49-918D44968CF3}.Release|Any CPU.Build.0 = Release|Any CPU
	EndGlobalSection
	GlobalSection(SolutionProperties) = preSolution
		HideSolutionNode = FALSE
	EndGlobalSection
	GlobalSection(ExtensibilityGlobals) = postSolution
		SolutionGuid = {C40E5FA2-FB1F-447C-A210-D15DFE86194F}
	EndGlobalSection
EndGlobal
