
Microsoft Visual Studio Solution File, Format Version 12.00
# Visual Studio Version 17
VisualStudioVersion = 17.14.36518.9
MinimumVisualStudioVersion = 10.0.40219.1
Project("{FAE04EC0-301F-11D3-BF4B-00C04F79EFBC}") = "Ejemplo2Tema2", "Ejemplo2Tema2\Ejemplo2Tema2.csproj", "{C78623FD-BF9E-4A14-9299-8ED9D1FDB2BC}"
EndProject
Project("{FAE04EC0-301F-11D3-BF4B-00C04F79EFBC}") = "Ejercicio1Tema2", "Ejercicio1Tema2\Ejercicio1Tema2.csproj", "{87663E15-E511-46C9-8DF6-378DEBADA359}"
EndProject
Project("{FAE04EC0-301F-11D3-BF4B-00C04F79EFBC}") = "Ejercicio3Tema2", "Ejercicio3Tema2\Ejercicio3Tema2.csproj", "{A4540731-D771-4EFC-AF87-6470D5B8CD95}"
EndProject
Global
	GlobalSection(SolutionConfigurationPlatforms) = preSolution
		Debug|Any CPU = Debug|Any CPU
		Release|Any CPU = Release|Any CPU
	EndGlobalSection
	GlobalSection(ProjectConfigurationPlatforms) = postSolution
		{C78623FD-BF9E-4A14-9299-8ED9D1FDB2BC}.Debug|Any CPU.ActiveCfg = Debug|Any CPU
		{C78623FD-BF9E-4A14-9299-8ED9D1FDB2BC}.Debug|Any CPU.Build.0 = Debug|Any CPU
		{C78623FD-BF9E-4A14-9299-8ED9D1FDB2BC}.Release|Any CPU.ActiveCfg = Release|Any CPU
		{C78623FD-BF9E-4A14-9299-8ED9D1FDB2BC}.Release|Any CPU.Build.0 = Release|Any CPU
		{87663E15-E511-46C9-8DF6-378DEBADA359}.Debug|Any CPU.ActiveCfg = Debug|Any CPU
		{87663E15-E511-46C9-8DF6-378DEBADA359}.Debug|Any CPU.Build.0 = Debug|Any CPU
		{87663E15-E511-46C9-8DF6-378DEBADA359}.Release|Any CPU.ActiveCfg = Release|Any CPU
		{87663E15-E511-46C9-8DF6-378DEBADA359}.Release|Any CPU.Build.0 = Release|Any CPU
		{A4540731-D771-4EFC-AF87-6470D5B8CD95}.Debug|Any CPU.ActiveCfg = Debug|Any CPU
		{A4540731-D771-4EFC-AF87-6470D5B8CD95}.Debug|Any CPU.Build.0 = Debug|Any CPU
		{A4540731-D771-4EFC-AF87-6470D5B8CD95}.Release|Any CPU.ActiveCfg = Release|Any CPU
		{A4540731-D771-4EFC-AF87-6470D5B8CD95}.Release|Any CPU.Build.0 = Release|Any CPU
	EndGlobalSection
	GlobalSection(SolutionProperties) = preSolution
		HideSolutionNode = FALSE
	EndGlobalSection
	GlobalSection(ExtensibilityGlobals) = postSolution
		SolutionGuid = {11E67E03-441E-482F-B04B-DC5DCB87D8FB}
	EndGlobalSection
EndGlobal
