
Microsoft Visual Studio Solution File, Format Version 12.00
# Visual Studio Version 17
VisualStudioVersion = 17.14.36518.9 d17.14
MinimumVisualStudioVersion = 10.0.40219.1
Project("{FAE04EC0-301F-11D3-BF4B-00C04F79EFBC}") = "Ejercicio5", "Ejercicio5\Ejercicio5.csproj", "{C0A57265-8D28-483F-BC5B-75EA19664A73}"
EndProject
Global
	GlobalSection(SolutionConfigurationPlatforms) = preSolution
		Debug|Any CPU = Debug|Any CPU
		Release|Any CPU = Release|Any CPU
	EndGlobalSection
	GlobalSection(ProjectConfigurationPlatforms) = postSolution
		{C0A57265-8D28-483F-BC5B-75EA19664A73}.Debug|Any CPU.ActiveCfg = Debug|Any CPU
		{C0A57265-8D28-483F-BC5B-75EA19664A73}.Debug|Any CPU.Build.0 = Debug|Any CPU
		{C0A57265-8D28-483F-BC5B-75EA19664A73}.Release|Any CPU.ActiveCfg = Release|Any CPU
		{C0A57265-8D28-483F-BC5B-75EA19664A73}.Release|Any CPU.Build.0 = Release|Any CPU
	EndGlobalSection
	GlobalSection(SolutionProperties) = preSolution
		HideSolutionNode = FALSE
	EndGlobalSection
	GlobalSection(ExtensibilityGlobals) = postSolution
		SolutionGuid = {B11F239F-5E09-44B9-99AF-1F1AFD156663}
	EndGlobalSection
EndGlobal
