
Microsoft Visual Studio Solution File, Format Version 12.00
# Visual Studio Version 17
VisualStudioVersion = 17.14.36518.9 d17.14
MinimumVisualStudioVersion = 10.0.40219.1
Project("{FAE04EC0-301F-11D3-BF4B-00C04F79EFBC}") = "SumaMatriz", "SumaMatriz\SumaMatriz.csproj", "{D3D86202-9179-44C3-BE64-D849CCC64129}"
EndProject
Global
	GlobalSection(SolutionConfigurationPlatforms) = preSolution
		Debug|Any CPU = Debug|Any CPU
		Release|Any CPU = Release|Any CPU
	EndGlobalSection
	GlobalSection(ProjectConfigurationPlatforms) = postSolution
		{D3D86202-9179-44C3-BE64-D849CCC64129}.Debug|Any CPU.ActiveCfg = Debug|Any CPU
		{D3D86202-9179-44C3-BE64-D849CCC64129}.Debug|Any CPU.Build.0 = Debug|Any CPU
		{D3D86202-9179-44C3-BE64-D849CCC64129}.Release|Any CPU.ActiveCfg = Release|Any CPU
		{D3D86202-9179-44C3-BE64-D849CCC64129}.Release|Any CPU.Build.0 = Release|Any CPU
	EndGlobalSection
	GlobalSection(SolutionProperties) = preSolution
		HideSolutionNode = FALSE
	EndGlobalSection
	GlobalSection(ExtensibilityGlobals) = postSolution
		SolutionGuid = {674827F8-E300-4A3A-A479-90981F6BF45E}
	EndGlobalSection
EndGlobal
