
Microsoft Visual Studio Solution File, Format Version 12.00
# Visual Studio Version 17
VisualStudioVersion = 17.14.36518.9 d17.14
MinimumVisualStudioVersion = 10.0.40219.1
Project("{FAE04EC0-301F-11D3-BF4B-00C04F79EFBC}") = "Ejemplo1", "Ejemplo1\Ejemplo1.csproj", "{EDED254A-10B2-455A-A4F8-1C5710CDEB17}"
EndProject
Global
	GlobalSection(SolutionConfigurationPlatforms) = preSolution
		Debug|Any CPU = Debug|Any CPU
		Release|Any CPU = Release|Any CPU
	EndGlobalSection
	GlobalSection(ProjectConfigurationPlatforms) = postSolution
		{EDED254A-10B2-455A-A4F8-1C5710CDEB17}.Debug|Any CPU.ActiveCfg = Debug|Any CPU
		{EDED254A-10B2-455A-A4F8-1C5710CDEB17}.Debug|Any CPU.Build.0 = Debug|Any CPU
		{EDED254A-10B2-455A-A4F8-1C5710CDEB17}.Release|Any CPU.ActiveCfg = Release|Any CPU
		{EDED254A-10B2-455A-A4F8-1C5710CDEB17}.Release|Any CPU.Build.0 = Release|Any CPU
	EndGlobalSection
	GlobalSection(SolutionProperties) = preSolution
		HideSolutionNode = FALSE
	EndGlobalSection
	GlobalSection(ExtensibilityGlobals) = postSolution
		SolutionGuid = {A7AEEEF0-9CDA-4C7F-9C04-0E2E12790414}
	EndGlobalSection
EndGlobal
