
Microsoft Visual Studio Solution File, Format Version 12.00
# Visual Studio Version 17
VisualStudioVersion = 17.14.36518.9 d17.14
MinimumVisualStudioVersion = 10.0.40219.1
Project("{FAE04EC0-301F-11D3-BF4B-00C04F79EFBC}") = "ConstruccionCadenaConexion", "ConstruccionCadenaConexion\ConstruccionCadenaConexion.csproj", "{A5218D06-EBD4-49D3-B26B-6D0EFB731885}"
EndProject
Global
	GlobalSection(SolutionConfigurationPlatforms) = preSolution
		Debug|Any CPU = Debug|Any CPU
		Release|Any CPU = Release|Any CPU
	EndGlobalSection
	GlobalSection(ProjectConfigurationPlatforms) = postSolution
		{A5218D06-EBD4-49D3-B26B-6D0EFB731885}.Debug|Any CPU.ActiveCfg = Debug|Any CPU
		{A5218D06-EBD4-49D3-B26B-6D0EFB731885}.Debug|Any CPU.Build.0 = Debug|Any CPU
		{A5218D06-EBD4-49D3-B26B-6D0EFB731885}.Release|Any CPU.ActiveCfg = Release|Any CPU
		{A5218D06-EBD4-49D3-B26B-6D0EFB731885}.Release|Any CPU.Build.0 = Release|Any CPU
	EndGlobalSection
	GlobalSection(SolutionProperties) = preSolution
		HideSolutionNode = FALSE
	EndGlobalSection
	GlobalSection(ExtensibilityGlobals) = postSolution
		SolutionGuid = {3BC3F301-F352-4D6F-BD1B-BF1731B09527}
	EndGlobalSection
EndGlobal
