
Microsoft Visual Studio Solution File, Format Version 12.00
# Visual Studio Version 17
VisualStudioVersion = 17.14.36518.9 d17.14
MinimumVisualStudioVersion = 10.0.40219.1
Project("{FAE04EC0-301F-11D3-BF4B-00C04F79EFBC}") = "HolaMundo1", "HolaMundo1\HolaMundo1.csproj", "{7B4D8A1B-C5B6-4E4D-9C7B-5CA4292EE00F}"
EndProject
Global
	GlobalSection(SolutionConfigurationPlatforms) = preSolution
		Debug|Any CPU = Debug|Any CPU
		Release|Any CPU = Release|Any CPU
	EndGlobalSection
	GlobalSection(ProjectConfigurationPlatforms) = postSolution
		{7B4D8A1B-C5B6-4E4D-9C7B-5CA4292EE00F}.Debug|Any CPU.ActiveCfg = Debug|Any CPU
		{7B4D8A1B-C5B6-4E4D-9C7B-5CA4292EE00F}.Debug|Any CPU.Build.0 = Debug|Any CPU
		{7B4D8A1B-C5B6-4E4D-9C7B-5CA4292EE00F}.Release|Any CPU.ActiveCfg = Release|Any CPU
		{7B4D8A1B-C5B6-4E4D-9C7B-5CA4292EE00F}.Release|Any CPU.Build.0 = Release|Any CPU
	EndGlobalSection
	GlobalSection(SolutionProperties) = preSolution
		HideSolutionNode = FALSE
	EndGlobalSection
	GlobalSection(ExtensibilityGlobals) = postSolution
		SolutionGuid = {1290A11D-809F-461C-BD1D-71CC3FCE5555}
	EndGlobalSection
EndGlobal
