
Microsoft Visual Studio Solution File, Format Version 12.00
# Visual Studio Version 17
VisualStudioVersion = 17.14.36518.9 d17.14
MinimumVisualStudioVersion = 10.0.40219.1
Project("{FAE04EC0-301F-11D3-BF4B-00C04F79EFBC}") = "Ejercicio8_T7", "Ejercicio8_T7\Ejercicio8_T7.csproj", "{DC5C1AB4-4DA1-4A84-842B-80D63EC35B0F}"
EndProject
Global
	GlobalSection(SolutionConfigurationPlatforms) = preSolution
		Debug|Any CPU = Debug|Any CPU
		Release|Any CPU = Release|Any CPU
	EndGlobalSection
	GlobalSection(ProjectConfigurationPlatforms) = postSolution
		{DC5C1AB4-4DA1-4A84-842B-80D63EC35B0F}.Debug|Any CPU.ActiveCfg = Debug|Any CPU
		{DC5C1AB4-4DA1-4A84-842B-80D63EC35B0F}.Debug|Any CPU.Build.0 = Debug|Any CPU
		{DC5C1AB4-4DA1-4A84-842B-80D63EC35B0F}.Release|Any CPU.ActiveCfg = Release|Any CPU
		{DC5C1AB4-4DA1-4A84-842B-80D63EC35B0F}.Release|Any CPU.Build.0 = Release|Any CPU
	EndGlobalSection
	GlobalSection(SolutionProperties) = preSolution
		HideSolutionNode = FALSE
	EndGlobalSection
	GlobalSection(ExtensibilityGlobals) = postSolution
		SolutionGuid = {57E14812-B637-4193-9F97-53CD3DC90825}
	EndGlobalSection
EndGlobal
