
Microsoft Visual Studio Solution File, Format Version 12.00
# Visual Studio Version 17
VisualStudioVersion = 17.14.36518.9 d17.14
MinimumVisualStudioVersion = 10.0.40219.1
Project("{FAE04EC0-301F-11D3-BF4B-00C04F79EFBC}") = "EjemploBarraHerramientas", "EjemploBarraHerramientas\EjemploBarraHerramientas.csproj", "{6DC7EDD8-AABD-4CEB-A49D-71817EE376AE}"
EndProject
Global
	GlobalSection(SolutionConfigurationPlatforms) = preSolution
		Debug|Any CPU = Debug|Any CPU
		Release|Any CPU = Release|Any CPU
	EndGlobalSection
	GlobalSection(ProjectConfigurationPlatforms) = postSolution
		{6DC7EDD8-AABD-4CEB-A49D-71817EE376AE}.Debug|Any CPU.ActiveCfg = Debug|Any CPU
		{6DC7EDD8-AABD-4CEB-A49D-71817EE376AE}.Debug|Any CPU.Build.0 = Debug|Any CPU
		{6DC7EDD8-AABD-4CEB-A49D-71817EE376AE}.Release|Any CPU.ActiveCfg = Release|Any CPU
		{6DC7EDD8-AABD-4CEB-A49D-71817EE376AE}.Release|Any CPU.Build.0 = Release|Any CPU
	EndGlobalSection
	GlobalSection(SolutionProperties) = preSolution
		HideSolutionNode = FALSE
	EndGlobalSection
	GlobalSection(ExtensibilityGlobals) = postSolution
		SolutionGuid = {5C09B5A4-A472-445E-B06C-FD3B616C9C40}
	EndGlobalSection
EndGlobal
