
Microsoft Visual Studio Solution File, Format Version 12.00
# Visual Studio Version 17
VisualStudioVersion = 17.14.36518.9 d17.14
MinimumVisualStudioVersion = 10.0.40219.1
Project("{FAE04EC0-301F-11D3-BF4B-00C04F79EFBC}") = "HolaMundo2", "HolaMundo2\HolaMundo2.csproj", "{30AF5293-7B07-483C-BBEF-C17667BEAFD4}"
EndProject
Global
	GlobalSection(SolutionConfigurationPlatforms) = preSolution
		Debug|Any CPU = Debug|Any CPU
		Release|Any CPU = Release|Any CPU
	EndGlobalSection
	GlobalSection(ProjectConfigurationPlatforms) = postSolution
		{30AF5293-7B07-483C-BBEF-C17667BEAFD4}.Debug|Any CPU.ActiveCfg = Debug|Any CPU
		{30AF5293-7B07-483C-BBEF-C17667BEAFD4}.Debug|Any CPU.Build.0 = Debug|Any CPU
		{30AF5293-7B07-483C-BBEF-C17667BEAFD4}.Release|Any CPU.ActiveCfg = Release|Any CPU
		{30AF5293-7B07-483C-BBEF-C17667BEAFD4}.Release|Any CPU.Build.0 = Release|Any CPU
	EndGlobalSection
	GlobalSection(SolutionProperties) = preSolution
		HideSolutionNode = FALSE
	EndGlobalSection
	GlobalSection(ExtensibilityGlobals) = postSolution
		SolutionGuid = {FC6854E1-0E8C-4644-8AF9-9E95EF629432}
	EndGlobalSection
EndGlobal
